
Microsoft Visual Studio Solution File, Format Version 12.00
# Visual Studio Version 17
VisualStudioVersion = 17.1.32228.430
MinimumVisualStudioVersion = 10.0.40219.1
Project("{9A19103F-16F7-4668-BE54-9A1E7A4F7556}") = "ApiClasses", "ApiClasses\ApiClasses.csproj", "{E7F009E5-CC22-4CFE-8DC7-3DFB26E6A761}"
EndProject
Project("{9A19103F-16F7-4668-BE54-9A1E7A4F7556}") = "ApiTests", "ApiTests\ApiTests.csproj", "{2B57A03A-2DEC-479D-BF97-F7152F478589}"
EndProject
Global
	GlobalSection(SolutionConfigurationPlatforms) = preSolution
		Debug|Any CPU = Debug|Any CPU
		Release|Any CPU = Release|Any CPU
	EndGlobalSection
	GlobalSection(ProjectConfigurationPlatforms) = postSolution
		{E7F009E5-CC22-4CFE-8DC7-3DFB26E6A761}.Debug|Any CPU.ActiveCfg = Debug|Any CPU
		{E7F009E5-CC22-4CFE-8DC7-3DFB26E6A761}.Debug|Any CPU.Build.0 = Debug|Any CPU
		{E7F009E5-CC22-4CFE-8DC7-3DFB26E6A761}.Release|Any CPU.ActiveCfg = Release|Any CPU
		{E7F009E5-CC22-4CFE-8DC7-3DFB26E6A761}.Release|Any CPU.Build.0 = Release|Any CPU
		{2B57A03A-2DEC-479D-BF97-F7152F478589}.Debug|Any CPU.ActiveCfg = Debug|Any CPU
		{2B57A03A-2DEC-479D-BF97-F7152F478589}.Debug|Any CPU.Build.0 = Debug|Any CPU
		{2B57A03A-2DEC-479D-BF97-F7152F478589}.Release|Any CPU.ActiveCfg = Release|Any CPU
		{2B57A03A-2DEC-479D-BF97-F7152F478589}.Release|Any CPU.Build.0 = Release|Any CPU
	EndGlobalSection
	GlobalSection(SolutionProperties) = preSolution
		HideSolutionNode = FALSE
	EndGlobalSection
	GlobalSection(ExtensibilityGlobals) = postSolution
		SolutionGuid = {00463953-C774-4067-8775-0AE52270B850}
	EndGlobalSection
EndGlobal
